// !$*UTF8*$!
{
	archiveVersion = 1;
	classes = {
	};
	objectVersion = 46;
	objects = {

/* Begin PBXBuildFile section */
		306590A71B8ABE0400F3A406 /* Utilities.swift in Sources */ = {isa = PBXBuildFile; fileRef = 306590A61B8ABE0400F3A406 /* Utilities.swift */; };
		30CC1C0E1B8A95A20013B74F /* NewGameController.swift in Sources */ = {isa = PBXBuildFile; fileRef = 30CC1C0D1B8A95A20013B74F /* NewGameController.swift */; };
		94E1D8551B6CA2D500410C27 /* AppDelegate.swift in Sources */ = {isa = PBXBuildFile; fileRef = 94E1D8541B6CA2D500410C27 /* AppDelegate.swift */; };
		94E1D85A1B6CA2D500410C27 /* Main.storyboard in Resources */ = {isa = PBXBuildFile; fileRef = 94E1D8581B6CA2D500410C27 /* Main.storyboard */; };
		94E1D85C1B6CA2D500410C27 /* Assets.xcassets in Resources */ = {isa = PBXBuildFile; fileRef = 94E1D85B1B6CA2D500410C27 /* Assets.xcassets */; };
		94E1D85F1B6CA2D500410C27 /* LaunchScreen.storyboard in Resources */ = {isa = PBXBuildFile; fileRef = 94E1D85D1B6CA2D500410C27 /* LaunchScreen.storyboard */; };
		94E1D86A1B6CA2D500410C27 /* SpadesAppTests.swift in Sources */ = {isa = PBXBuildFile; fileRef = 94E1D8691B6CA2D500410C27 /* SpadesAppTests.swift */; };
		94E1D8751B6CA2D500410C27 /* SpadesAppUITests.swift in Sources */ = {isa = PBXBuildFile; fileRef = 94E1D8741B6CA2D500410C27 /* SpadesAppUITests.swift */; };
		94E1D8851B6CA65700410C27 /* NewRoundController.swift in Sources */ = {isa = PBXBuildFile; fileRef = 94E1D8841B6CA65700410C27 /* NewRoundController.swift */; };
		94E1D8871B6CA6A000410C27 /* SpadesGameModel.swift in Sources */ = {isa = PBXBuildFile; fileRef = 94E1D8861B6CA6A000410C27 /* SpadesGameModel.swift */; };
		94E1D8891B6CA6E700410C27 /* SpadesRoundModel.swift in Sources */ = {isa = PBXBuildFile; fileRef = 94E1D8881B6CA6E700410C27 /* SpadesRoundModel.swift */; };
		94E1D88B1B6CA71100410C27 /* SpadesMetadataModel.swift in Sources */ = {isa = PBXBuildFile; fileRef = 94E1D88A1B6CA71100410C27 /* SpadesMetadataModel.swift */; };
		94E1D88D1B6DA44500410C27 /* CurrentGameController.swift in Sources */ = {isa = PBXBuildFile; fileRef = 94E1D88C1B6DA44500410C27 /* CurrentGameController.swift */; };
/* End PBXBuildFile section */

/* Begin PBXContainerItemProxy section */
		94E1D8661B6CA2D500410C27 /* PBXContainerItemProxy */ = {
			isa = PBXContainerItemProxy;
			containerPortal = 94E1D8491B6CA2D500410C27 /* Project object */;
			proxyType = 1;
			remoteGlobalIDString = 94E1D8501B6CA2D500410C27;
			remoteInfo = SpadesApp;
		};
		94E1D8711B6CA2D500410C27 /* PBXContainerItemProxy */ = {
			isa = PBXContainerItemProxy;
			containerPortal = 94E1D8491B6CA2D500410C27 /* Project object */;
			proxyType = 1;
			remoteGlobalIDString = 94E1D8501B6CA2D500410C27;
			remoteInfo = SpadesApp;
		};
/* End PBXContainerItemProxy section */

/* Begin PBXFileReference section */
		306590A61B8ABE0400F3A406 /* Utilities.swift */ = {isa = PBXFileReference; fileEncoding = 4; lastKnownFileType = sourcecode.swift; path = Utilities.swift; sourceTree = "<group>"; };
		30CC1C0D1B8A95A20013B74F /* NewGameController.swift */ = {isa = PBXFileReference; fileEncoding = 4; lastKnownFileType = sourcecode.swift; path = NewGameController.swift; sourceTree = "<group>"; };
		94E1D8511B6CA2D500410C27 /* SpadesApp.app */ = {isa = PBXFileReference; explicitFileType = wrapper.application; includeInIndex = 0; path = SpadesApp.app; sourceTree = BUILT_PRODUCTS_DIR; };
		94E1D8541B6CA2D500410C27 /* AppDelegate.swift */ = {isa = PBXFileReference; lastKnownFileType = sourcecode.swift; path = AppDelegate.swift; sourceTree = "<group>"; };
		94E1D8591B6CA2D500410C27 /* Base */ = {isa = PBXFileReference; lastKnownFileType = file.storyboard; name = Base; path = Base.lproj/Main.storyboard; sourceTree = "<group>"; };
		94E1D85B1B6CA2D500410C27 /* Assets.xcassets */ = {isa = PBXFileReference; lastKnownFileType = folder.assetcatalog; path = Assets.xcassets; sourceTree = "<group>"; };
		94E1D85E1B6CA2D500410C27 /* Base */ = {isa = PBXFileReference; lastKnownFileType = file.storyboard; name = Base; path = Base.lproj/LaunchScreen.storyboard; sourceTree = "<group>"; };
		94E1D8601B6CA2D500410C27 /* Info.plist */ = {isa = PBXFileReference; lastKnownFileType = text.plist.xml; path = Info.plist; sourceTree = "<group>"; };
		94E1D8651B6CA2D500410C27 /* SpadesAppTests.xctest */ = {isa = PBXFileReference; explicitFileType = wrapper.cfbundle; includeInIndex = 0; path = SpadesAppTests.xctest; sourceTree = BUILT_PRODUCTS_DIR; };
		94E1D8691B6CA2D500410C27 /* SpadesAppTests.swift */ = {isa = PBXFileReference; lastKnownFileType = sourcecode.swift; path = SpadesAppTests.swift; sourceTree = "<group>"; };
		94E1D86B1B6CA2D500410C27 /* Info.plist */ = {isa = PBXFileReference; lastKnownFileType = text.plist.xml; path = Info.plist; sourceTree = "<group>"; };
		94E1D8701B6CA2D500410C27 /* SpadesAppUITests.xctest */ = {isa = PBXFileReference; explicitFileType = wrapper.cfbundle; includeInIndex = 0; path = SpadesAppUITests.xctest; sourceTree = BUILT_PRODUCTS_DIR; };
		94E1D8741B6CA2D500410C27 /* SpadesAppUITests.swift */ = {isa = PBXFileReference; lastKnownFileType = sourcecode.swift; path = SpadesAppUITests.swift; sourceTree = "<group>"; };
		94E1D8761B6CA2D500410C27 /* Info.plist */ = {isa = PBXFileReference; lastKnownFileType = text.plist.xml; path = Info.plist; sourceTree = "<group>"; };
		94E1D8841B6CA65700410C27 /* NewRoundController.swift */ = {isa = PBXFileReference; fileEncoding = 4; lastKnownFileType = sourcecode.swift; path = NewRoundController.swift; sourceTree = "<group>"; };
		94E1D8861B6CA6A000410C27 /* SpadesGameModel.swift */ = {isa = PBXFileReference; fileEncoding = 4; lastKnownFileType = sourcecode.swift; path = SpadesGameModel.swift; sourceTree = "<group>"; };
		94E1D8881B6CA6E700410C27 /* SpadesRoundModel.swift */ = {isa = PBXFileReference; fileEncoding = 4; lastKnownFileType = sourcecode.swift; path = SpadesRoundModel.swift; sourceTree = "<group>"; };
		94E1D88A1B6CA71100410C27 /* SpadesMetadataModel.swift */ = {isa = PBXFileReference; fileEncoding = 4; lastKnownFileType = sourcecode.swift; path = SpadesMetadataModel.swift; sourceTree = "<group>"; };
		94E1D88C1B6DA44500410C27 /* CurrentGameController.swift */ = {isa = PBXFileReference; fileEncoding = 4; lastKnownFileType = sourcecode.swift; path = CurrentGameController.swift; sourceTree = "<group>"; };
/* End PBXFileReference section */

/* Begin PBXFrameworksBuildPhase section */
		94E1D84E1B6CA2D500410C27 /* Frameworks */ = {
			isa = PBXFrameworksBuildPhase;
			buildActionMask = 2147483647;
			files = (
			);
			runOnlyForDeploymentPostprocessing = 0;
		};
		94E1D8621B6CA2D500410C27 /* Frameworks */ = {
			isa = PBXFrameworksBuildPhase;
			buildActionMask = 2147483647;
			files = (
			);
			runOnlyForDeploymentPostprocessing = 0;
		};
		94E1D86D1B6CA2D500410C27 /* Frameworks */ = {
			isa = PBXFrameworksBuildPhase;
			buildActionMask = 2147483647;
			files = (
			);
			runOnlyForDeploymentPostprocessing = 0;
		};
/* End PBXFrameworksBuildPhase section */

/* Begin PBXGroup section */
		94E1D8481B6CA2D500410C27 = {
			isa = PBXGroup;
			children = (
				94E1D8531B6CA2D500410C27 /* SpadesApp */,
				94E1D8681B6CA2D500410C27 /* SpadesAppTests */,
				94E1D8731B6CA2D500410C27 /* SpadesAppUITests */,
				94E1D8521B6CA2D500410C27 /* Products */,
			);
			sourceTree = "<group>";
		};
		94E1D8521B6CA2D500410C27 /* Products */ = {
			isa = PBXGroup;
			children = (
				94E1D8511B6CA2D500410C27 /* SpadesApp.app */,
				94E1D8651B6CA2D500410C27 /* SpadesAppTests.xctest */,
				94E1D8701B6CA2D500410C27 /* SpadesAppUITests.xctest */,
			);
			name = Products;
			sourceTree = "<group>";
		};
		94E1D8531B6CA2D500410C27 /* SpadesApp */ = {
			isa = PBXGroup;
			children = (
				94E1D8541B6CA2D500410C27 /* AppDelegate.swift */,
				94E1D8581B6CA2D500410C27 /* Main.storyboard */,
				30CC1C0D1B8A95A20013B74F /* NewGameController.swift */,
				306590A61B8ABE0400F3A406 /* Utilities.swift */,
				94E1D88C1B6DA44500410C27 /* CurrentGameController.swift */,
				94E1D8841B6CA65700410C27 /* NewRoundController.swift */,
				94E1D8861B6CA6A000410C27 /* SpadesGameModel.swift */,
				94E1D88A1B6CA71100410C27 /* SpadesMetadataModel.swift */,
				94E1D8881B6CA6E700410C27 /* SpadesRoundModel.swift */,
				94E1D85B1B6CA2D500410C27 /* Assets.xcassets */,
				94E1D85D1B6CA2D500410C27 /* LaunchScreen.storyboard */,
				94E1D8601B6CA2D500410C27 /* Info.plist */,
			);
			path = SpadesApp;
			sourceTree = "<group>";
		};
		94E1D8681B6CA2D500410C27 /* SpadesAppTests */ = {
			isa = PBXGroup;
			children = (
				94E1D8691B6CA2D500410C27 /* SpadesAppTests.swift */,
				94E1D86B1B6CA2D500410C27 /* Info.plist */,
			);
			path = SpadesAppTests;
			sourceTree = "<group>";
		};
		94E1D8731B6CA2D500410C27 /* SpadesAppUITests */ = {
			isa = PBXGroup;
			children = (
				94E1D8741B6CA2D500410C27 /* SpadesAppUITests.swift */,
				94E1D8761B6CA2D500410C27 /* Info.plist */,
			);
			path = SpadesAppUITests;
			sourceTree = "<group>";
		};
/* End PBXGroup section */

/* Begin PBXNativeTarget section */
		94E1D8501B6CA2D500410C27 /* SpadesApp */ = {
			isa = PBXNativeTarget;
			buildConfigurationList = 94E1D8791B6CA2D500410C27 /* Build configuration list for PBXNativeTarget "SpadesApp" */;
			buildPhases = (
				94E1D84D1B6CA2D500410C27 /* Sources */,
				94E1D84E1B6CA2D500410C27 /* Frameworks */,
				94E1D84F1B6CA2D500410C27 /* Resources */,
			);
			buildRules = (
			);
			dependencies = (
			);
			name = SpadesApp;
			productName = SpadesApp;
			productReference = 94E1D8511B6CA2D500410C27 /* SpadesApp.app */;
			productType = "com.apple.product-type.application";
		};
		94E1D8641B6CA2D500410C27 /* SpadesAppTests */ = {
			isa = PBXNativeTarget;
			buildConfigurationList = 94E1D87C1B6CA2D500410C27 /* Build configuration list for PBXNativeTarget "SpadesAppTests" */;
			buildPhases = (
				94E1D8611B6CA2D500410C27 /* Sources */,
				94E1D8621B6CA2D500410C27 /* Frameworks */,
				94E1D8631B6CA2D500410C27 /* Resources */,
			);
			buildRules = (
			);
			dependencies = (
				94E1D8671B6CA2D500410C27 /* PBXTargetDependency */,
			);
			name = SpadesAppTests;
			productName = SpadesAppTests;
			productReference = 94E1D8651B6CA2D500410C27 /* SpadesAppTests.xctest */;
			productType = "com.apple.product-type.bundle.unit-test";
		};
		94E1D86F1B6CA2D500410C27 /* SpadesAppUITests */ = {
			isa = PBXNativeTarget;
			buildConfigurationList = 94E1D87F1B6CA2D500410C27 /* Build configuration list for PBXNativeTarget "SpadesAppUITests" */;
			buildPhases = (
				94E1D86C1B6CA2D500410C27 /* Sources */,
				94E1D86D1B6CA2D500410C27 /* Frameworks */,
				94E1D86E1B6CA2D500410C27 /* Resources */,
			);
			buildRules = (
			);
			dependencies = (
				94E1D8721B6CA2D500410C27 /* PBXTargetDependency */,
			);
			name = SpadesAppUITests;
			productName = SpadesAppUITests;
			productReference = 94E1D8701B6CA2D500410C27 /* SpadesAppUITests.xctest */;
			productType = "com.apple.product-type.bundle.ui-testing";
		};
/* End PBXNativeTarget section */

/* Begin PBXProject section */
		94E1D8491B6CA2D500410C27 /* Project object */ = {
			isa = PBXProject;
			attributes = {
				LastUpgradeCheck = 0700;
				ORGANIZATIONNAME = Gnaw;
				TargetAttributes = {
					94E1D8501B6CA2D500410C27 = {
						CreatedOnToolsVersion = 7.0;
					};
					94E1D8641B6CA2D500410C27 = {
						CreatedOnToolsVersion = 7.0;
						TestTargetID = 94E1D8501B6CA2D500410C27;
					};
					94E1D86F1B6CA2D500410C27 = {
						CreatedOnToolsVersion = 7.0;
						TestTargetID = 94E1D8501B6CA2D500410C27;
					};
				};
			};
			buildConfigurationList = 94E1D84C1B6CA2D500410C27 /* Build configuration list for PBXProject "SpadesApp" */;
			compatibilityVersion = "Xcode 3.2";
			developmentRegion = English;
			hasScannedForEncodings = 0;
			knownRegions = (
				en,
				Base,
			);
			mainGroup = 94E1D8481B6CA2D500410C27;
			productRefGroup = 94E1D8521B6CA2D500410C27 /* Products */;
			projectDirPath = "";
			projectRoot = "";
			targets = (
				94E1D8501B6CA2D500410C27 /* SpadesApp */,
				94E1D8641B6CA2D500410C27 /* SpadesAppTests */,
				94E1D86F1B6CA2D500410C27 /* SpadesAppUITests */,
			);
		};
/* End PBXProject section */

/* Begin PBXResourcesBuildPhase section */
		94E1D84F1B6CA2D500410C27 /* Resources */ = {
			isa = PBXResourcesBuildPhase;
			buildActionMask = 2147483647;
			files = (
				94E1D85F1B6CA2D500410C27 /* LaunchScreen.storyboard in Resources */,
				94E1D85C1B6CA2D500410C27 /* Assets.xcassets in Resources */,
				94E1D85A1B6CA2D500410C27 /* Main.storyboard in Resources */,
			);
			runOnlyForDeploymentPostprocessing = 0;
		};
		94E1D8631B6CA2D500410C27 /* Resources */ = {
			isa = PBXResourcesBuildPhase;
			buildActionMask = 2147483647;
			files = (
			);
			runOnlyForDeploymentPostprocessing = 0;
		};
		94E1D86E1B6CA2D500410C27 /* Resources */ = {
			isa = PBXResourcesBuildPhase;
			buildActionMask = 2147483647;
			files = (
			);
			runOnlyForDeploymentPostprocessing = 0;
		};
/* End PBXResourcesBuildPhase section */

/* Begin PBXSourcesBuildPhase section */
		94E1D84D1B6CA2D500410C27 /* Sources */ = {
			isa = PBXSourcesBuildPhase;
			buildActionMask = 2147483647;
			files = (
				94E1D88B1B6CA71100410C27 /* SpadesMetadataModel.swift in Sources */,
				94E1D8871B6CA6A000410C27 /* SpadesGameModel.swift in Sources */,
				94E1D8551B6CA2D500410C27 /* AppDelegate.swift in Sources */,
				30CC1C0E1B8A95A20013B74F /* NewGameController.swift in Sources */,
				94E1D8891B6CA6E700410C27 /* SpadesRoundModel.swift in Sources */,
				94E1D8851B6CA65700410C27 /* NewRoundController.swift in Sources */,
				306590A71B8ABE0400F3A406 /* Utilities.swift in Sources */,
				94E1D88D1B6DA44500410C27 /* CurrentGameController.swift in Sources */,
			);
			runOnlyForDeploymentPostprocessing = 0;
		};
		94E1D8611B6CA2D500410C27 /* Sources */ = {
			isa = PBXSourcesBuildPhase;
			buildActionMask = 2147483647;
			files = (
				94E1D86A1B6CA2D500410C27 /* SpadesAppTests.swift in Sources */,
			);
			runOnlyForDeploymentPostprocessing = 0;
		};
		94E1D86C1B6CA2D500410C27 /* Sources */ = {
			isa = PBXSourcesBuildPhase;
			buildActionMask = 2147483647;
			files = (
				94E1D8751B6CA2D500410C27 /* SpadesAppUITests.swift in Sources */,
			);
			runOnlyForDeploymentPostprocessing = 0;
		};
/* End PBXSourcesBuildPhase section */

/* Begin PBXTargetDependency section */
		94E1D8671B6CA2D500410C27 /* PBXTargetDependency */ = {
			isa = PBXTargetDependency;
			target = 94E1D8501B6CA2D500410C27 /* SpadesApp */;
			targetProxy = 94E1D8661B6CA2D500410C27 /* PBXContainerItemProxy */;
		};
		94E1D8721B6CA2D500410C27 /* PBXTargetDependency */ = {
			isa = PBXTargetDependency;
			target = 94E1D8501B6CA2D500410C27 /* SpadesApp */;
			targetProxy = 94E1D8711B6CA2D500410C27 /* PBXContainerItemProxy */;
		};
/* End PBXTargetDependency section */

/* Begin PBXVariantGroup section */
		94E1D8581B6CA2D500410C27 /* Main.storyboard */ = {
			isa = PBXVariantGroup;
			children = (
				94E1D8591B6CA2D500410C27 /* Base */,
			);
			name = Main.storyboard;
			sourceTree = "<group>";
		};
		94E1D85D1B6CA2D500410C27 /* LaunchScreen.storyboard */ = {
			isa = PBXVariantGroup;
			children = (
				94E1D85E1B6CA2D500410C27 /* Base */,
			);
			name = LaunchScreen.storyboard;
			sourceTree = "<group>";
		};
/* End PBXVariantGroup section */

/* Begin XCBuildConfiguration section */
		94E1D8771B6CA2D500410C27 /* Debug */ = {
			isa = XCBuildConfiguration;
			buildSettings = {
				ALWAYS_SEARCH_USER_PATHS = NO;
				CLANG_CXX_LANGUAGE_STANDARD = "gnu++0x";
				CLANG_CXX_LIBRARY = "libc++";
				CLANG_ENABLE_MODULES = YES;
				CLANG_ENABLE_OBJC_ARC = YES;
				CLANG_WARN_BOOL_CONVERSION = YES;
				CLANG_WARN_CONSTANT_CONVERSION = YES;
				CLANG_WARN_DIRECT_OBJC_ISA_USAGE = YES_ERROR;
				CLANG_WARN_EMPTY_BODY = YES;
				CLANG_WARN_ENUM_CONVERSION = YES;
				CLANG_WARN_INT_CONVERSION = YES;
				CLANG_WARN_OBJC_ROOT_CLASS = YES_ERROR;
				CLANG_WARN_UNREACHABLE_CODE = YES;
				CLANG_WARN__DUPLICATE_METHOD_MATCH = YES;
				"CODE_SIGN_IDENTITY[sdk=iphoneos*]" = "iPhone Developer";
				COPY_PHASE_STRIP = NO;
				DEBUG_INFORMATION_FORMAT = dwarf;
				ENABLE_STRICT_OBJC_MSGSEND = YES;
				ENABLE_TESTABILITY = YES;
				GCC_C_LANGUAGE_STANDARD = gnu99;
				GCC_DYNAMIC_NO_PIC = NO;
				GCC_NO_COMMON_BLOCKS = YES;
				GCC_OPTIMIZATION_LEVEL = 0;
				GCC_PREPROCESSOR_DEFINITIONS = (
					"DEBUG=1",
					"$(inherited)",
				);
				GCC_WARN_64_TO_32_BIT_CONVERSION = YES;
				GCC_WARN_ABOUT_RETURN_TYPE = YES_ERROR;
				GCC_WARN_UNDECLARED_SELECTOR = YES;
				GCC_WARN_UNINITIALIZED_AUTOS = YES_AGGRESSIVE;
				GCC_WARN_UNUSED_FUNCTION = YES;
				GCC_WARN_UNUSED_VARIABLE = YES;
				IPHONEOS_DEPLOYMENT_TARGET = 9.0;
				MTL_ENABLE_DEBUG_INFO = YES;
				ONLY_ACTIVE_ARCH = YES;
				SDKROOT = iphoneos;
				SWIFT_OPTIMIZATION_LEVEL = "-Onone";
			};
			name = Debug;
		};
		94E1D8781B6CA2D500410C27 /* Release */ = {
			isa = XCBuildConfiguration;
			buildSettings = {
				ALWAYS_SEARCH_USER_PATHS = NO;
				CLANG_CXX_LANGUAGE_STANDARD = "gnu++0x";
				CLANG_CXX_LIBRARY = "libc++";
				CLANG_ENABLE_MODULES = YES;
				CLANG_ENABLE_OBJC_ARC = YES;
				CLANG_WARN_BOOL_CONVERSION = YES;
				CLANG_WARN_CONSTANT_CONVERSION = YES;
				CLANG_WARN_DIRECT_OBJC_ISA_USAGE = YES_ERROR;
				CLANG_WARN_EMPTY_BODY = YES;
				CLANG_WARN_ENUM_CONVERSION = YES;
				CLANG_WARN_INT_CONVERSION = YES;
				CLANG_WARN_OBJC_ROOT_CLASS = YES_ERROR;
				CLANG_WARN_UNREACHABLE_CODE = YES;
				CLANG_WARN__DUPLICATE_METHOD_MATCH = YES;
				"CODE_SIGN_IDENTITY[sdk=iphoneos*]" = "iPhone Developer";
				COPY_PHASE_STRIP = NO;
				DEBUG_INFORMATION_FORMAT = "dwarf-with-dsym";
				ENABLE_NS_ASSERTIONS = NO;
				ENABLE_STRICT_OBJC_MSGSEND = YES;
				GCC_C_LANGUAGE_STANDARD = gnu99;
				GCC_NO_COMMON_BLOCKS = YES;
				GCC_WARN_64_TO_32_BIT_CONVERSION = YES;
				GCC_WARN_ABOUT_RETURN_TYPE = YES_ERROR;
				GCC_WARN_UNDECLARED_SELECTOR = YES;
				GCC_WARN_UNINITIALIZED_AUTOS = YES_AGGRESSIVE;
				GCC_WARN_UNUSED_FUNCTION = YES;
				GCC_WARN_UNUSED_VARIABLE = YES;
				IPHONEOS_DEPLOYMENT_TARGET = 9.0;
				MTL_ENABLE_DEBUG_INFO = NO;
				SDKROOT = iphoneos;
				VALIDATE_PRODUCT = YES;
			};
			name = Release;
		};
		94E1D87A1B6CA2D500410C27 /* Debug */ = {
			isa = XCBuildConfiguration;
			buildSettings = {
				ASSETCATALOG_COMPILER_APPICON_NAME = AppIcon;
				INFOPLIST_FILE = SpadesApp/Info.plist;
				LD_RUNPATH_SEARCH_PATHS = "$(inherited) @executable_path/Frameworks";
				PRODUCT_BUNDLE_IDENTIFIER = com.gnaw.SpadesApp;
				PRODUCT_NAME = "$(TARGET_NAME)";
			};
			name = Debug;
		};
		94E1D87B1B6CA2D500410C27 /* Release */ = {
			isa = XCBuildConfiguration;
			buildSettings = {
				ASSETCATALOG_COMPILER_APPICON_NAME = AppIcon;
				INFOPLIST_FILE = SpadesApp/Info.plist;
				LD_RUNPATH_SEARCH_PATHS = "$(inherited) @executable_path/Frameworks";
				PRODUCT_BUNDLE_IDENTIFIER = com.gnaw.SpadesApp;
				PRODUCT_NAME = "$(TARGET_NAME)";
			};
			name = Release;
		};
		94E1D87D1B6CA2D500410C27 /* Debug */ = {
			isa = XCBuildConfiguration;
			buildSettings = {
				BUNDLE_LOADER = "$(TEST_HOST)";
				INFOPLIST_FILE = SpadesAppTests/Info.plist;
				LD_RUNPATH_SEARCH_PATHS = "$(inherited) @executable_path/Frameworks @loader_path/Frameworks";
				PRODUCT_BUNDLE_IDENTIFIER = com.gnaw.SpadesAppTests;
				PRODUCT_NAME = "$(TARGET_NAME)";
				TEST_HOST = "$(BUILT_PRODUCTS_DIR)/SpadesApp.app/SpadesApp";
			};
			name = Debug;
		};
		94E1D87E1B6CA2D500410C27 /* Release */ = {
			isa = XCBuildConfiguration;
			buildSettings = {
				BUNDLE_LOADER = "$(TEST_HOST)";
				INFOPLIST_FILE = SpadesAppTests/Info.plist;
				LD_RUNPATH_SEARCH_PATHS = "$(inherited) @executable_path/Frameworks @loader_path/Frameworks";
				PRODUCT_BUNDLE_IDENTIFIER = com.gnaw.SpadesAppTests;
				PRODUCT_NAME = "$(TARGET_NAME)";
				TEST_HOST = "$(BUILT_PRODUCTS_DIR)/SpadesApp.app/SpadesApp";
			};
			name = Release;
		};
		94E1D8801B6CA2D500410C27 /* Debug */ = {
			isa = XCBuildConfiguration;
			buildSettings = {
				INFOPLIST_FILE = SpadesAppUITests/Info.plist;
				LD_RUNPATH_SEARCH_PATHS = "$(inherited) @executable_path/Frameworks @loader_path/Frameworks";
				PRODUCT_BUNDLE_IDENTIFIER = com.gnaw.SpadesAppUITests;
				PRODUCT_NAME = "$(TARGET_NAME)";
				TEST_TARGET_NAME = SpadesApp;
				USES_XCTRUNNER = YES;
			};
			name = Debug;
		};
		94E1D8811B6CA2D500410C27 /* Release */ = {
			isa = XCBuildConfiguration;
			buildSettings = {
				INFOPLIST_FILE = SpadesAppUITests/Info.plist;
				LD_RUNPATH_SEARCH_PATHS = "$(inherited) @executable_path/Frameworks @loader_path/Frameworks";
				PRODUCT_BUNDLE_IDENTIFIER = com.gnaw.SpadesAppUITests;
				PRODUCT_NAME = "$(TARGET_NAME)";
				TEST_TARGET_NAME = SpadesApp;
				USES_XCTRUNNER = YES;
			};
			name = Release;
		};
/* End XCBuildConfiguration section */

/* Begin XCConfigurationList section */
		94E1D84C1B6CA2D500410C27 /* Build configuration list for PBXProject "SpadesApp" */ = {
			isa = XCConfigurationList;
			buildConfigurations = (
				94E1D8771B6CA2D500410C27 /* Debug */,
				94E1D8781B6CA2D500410C27 /* Release */,
			);
			defaultConfigurationIsVisible = 0;
			defaultConfigurationName = Release;
		};
		94E1D8791B6CA2D500410C27 /* Build configuration list for PBXNativeTarget "SpadesApp" */ = {
			isa = XCConfigurationList;
			buildConfigurations = (
				94E1D87A1B6CA2D500410C27 /* Debug */,
				94E1D87B1B6CA2D500410C27 /* Release */,
			);
			defaultConfigurationIsVisible = 0;
			defaultConfigurationName = Release;
		};
		94E1D87C1B6CA2D500410C27 /* Build configuration list for PBXNativeTarget "SpadesAppTests" */ = {
			isa = XCConfigurationList;
			buildConfigurations = (
				94E1D87D1B6CA2D500410C27 /* Debug */,
				94E1D87E1B6CA2D500410C27 /* Release */,
			);
			defaultConfigurationIsVisible = 0;
			defaultConfigurationName = Release;
		};
		94E1D87F1B6CA2D500410C27 /* Build configuration list for PBXNativeTarget "SpadesAppUITests" */ = {
			isa = XCConfigurationList;
			buildConfigurations = (
				94E1D8801B6CA2D500410C27 /* Debug */,
				94E1D8811B6CA2D500410C27 /* Release */,
			);
			defaultConfigurationIsVisible = 0;
			defaultConfigurationName = Release;
		};
/* End XCConfigurationList section */
	};
	rootObject = 94E1D8491B6CA2D500410C27 /* Project object */;
}
